
Microsoft Visual Studio Solution File, Format Version 12.00
# Visual Studio Version 17
VisualStudioVersion = 17.14.36414.22 d17.14
MinimumVisualStudioVersion = 10.0.40219.1
Project("{8BC9CEB8-8B4A-11D0-8D11-00A0C91BC942}") = "一", "一\一.vcxproj", "{CE3180AD-5CA7-480E-88BF-EE5662B8F887}"
EndProject
Global
	GlobalSection(SolutionConfigurationPlatforms) = preSolution
		Debug|x64 = Debug|x64
		Debug|x86 = Debug|x86
		Release|x64 = Release|x64
		Release|x86 = Release|x86
	EndGlobalSection
	GlobalSection(ProjectConfigurationPlatforms) = postSolution
		{CE3180AD-5CA7-480E-88BF-EE5662B8F887}.Debug|x64.ActiveCfg = Debug|x64
		{CE3180AD-5CA7-480E-88BF-EE5662B8F887}.Debug|x64.Build.0 = Debug|x64
		{CE3180AD-5CA7-480E-88BF-EE5662B8F887}.Debug|x86.ActiveCfg = Debug|Win32
		{CE3180AD-5CA7-480E-88BF-EE5662B8F887}.Debug|x86.Build.0 = Debug|Win32
		{CE3180AD-5CA7-480E-88BF-EE5662B8F887}.Release|x64.ActiveCfg = Release|x64
		{CE3180AD-5CA7-480E-88BF-EE5662B8F887}.Release|x64.Build.0 = Release|x64
		{CE3180AD-5CA7-480E-88BF-EE5662B8F887}.Release|x86.ActiveCfg = Release|Win32
		{CE3180AD-5CA7-480E-88BF-EE5662B8F887}.Release|x86.Build.0 = Release|Win32
	EndGlobalSection
	GlobalSection(SolutionProperties) = preSolution
		HideSolutionNode = FALSE
	EndGlobalSection
	GlobalSection(ExtensibilityGlobals) = postSolution
		SolutionGuid = {3611CB5F-356E-4974-8EA5-A28B9518E269}
	EndGlobalSection
EndGlobal
