
Microsoft Visual Studio Solution File, Format Version 12.00
# Visual Studio Version 17
VisualStudioVersion = 17.14.36414.22 d17.14
MinimumVisualStudioVersion = 10.0.40219.1
Project("{8BC9CEB8-8B4A-11D0-8D11-00A0C91BC942}") = "一", "一\一.vcxproj", "{6788FA21-B7A7-4BAC-896D-3CB46FC76215}"
EndProject
Global
	GlobalSection(SolutionConfigurationPlatforms) = preSolution
		Debug|x64 = Debug|x64
		Debug|x86 = Debug|x86
		Release|x64 = Release|x64
		Release|x86 = Release|x86
	EndGlobalSection
	GlobalSection(ProjectConfigurationPlatforms) = postSolution
		{6788FA21-B7A7-4BAC-896D-3CB46FC76215}.Debug|x64.ActiveCfg = Debug|x64
		{6788FA21-B7A7-4BAC-896D-3CB46FC76215}.Debug|x64.Build.0 = Debug|x64
		{6788FA21-B7A7-4BAC-896D-3CB46FC76215}.Debug|x86.ActiveCfg = Debug|Win32
		{6788FA21-B7A7-4BAC-896D-3CB46FC76215}.Debug|x86.Build.0 = Debug|Win32
		{6788FA21-B7A7-4BAC-896D-3CB46FC76215}.Release|x64.ActiveCfg = Release|x64
		{6788FA21-B7A7-4BAC-896D-3CB46FC76215}.Release|x64.Build.0 = Release|x64
		{6788FA21-B7A7-4BAC-896D-3CB46FC76215}.Release|x86.ActiveCfg = Release|Win32
		{6788FA21-B7A7-4BAC-896D-3CB46FC76215}.Release|x86.Build.0 = Release|Win32
	EndGlobalSection
	GlobalSection(SolutionProperties) = preSolution
		HideSolutionNode = FALSE
	EndGlobalSection
	GlobalSection(ExtensibilityGlobals) = postSolution
		SolutionGuid = {E02394CB-0A84-484A-B9C4-73572F0E795E}
	EndGlobalSection
EndGlobal
