
Microsoft Visual Studio Solution File, Format Version 12.00
# Visual Studio Version 16
VisualStudioVersion = 16.0.36324.18
MinimumVisualStudioVersion = 10.0.40219.1
Project("{8BC9CEB8-8B4A-11D0-8D11-00A0C91BC942}") = "問題1", "問題1\問題1.vcxproj", "{4B01BF63-6E0D-4B91-8751-7CA7CD7760EA}"
EndProject
Global
	GlobalSection(SolutionConfigurationPlatforms) = preSolution
		Debug|x64 = Debug|x64
		Debug|x86 = Debug|x86
		Release|x64 = Release|x64
		Release|x86 = Release|x86
	EndGlobalSection
	GlobalSection(ProjectConfigurationPlatforms) = postSolution
		{4B01BF63-6E0D-4B91-8751-7CA7CD7760EA}.Debug|x64.ActiveCfg = Debug|x64
		{4B01BF63-6E0D-4B91-8751-7CA7CD7760EA}.Debug|x64.Build.0 = Debug|x64
		{4B01BF63-6E0D-4B91-8751-7CA7CD7760EA}.Debug|x86.ActiveCfg = Debug|Win32
		{4B01BF63-6E0D-4B91-8751-7CA7CD7760EA}.Debug|x86.Build.0 = Debug|Win32
		{4B01BF63-6E0D-4B91-8751-7CA7CD7760EA}.Release|x64.ActiveCfg = Release|x64
		{4B01BF63-6E0D-4B91-8751-7CA7CD7760EA}.Release|x64.Build.0 = Release|x64
		{4B01BF63-6E0D-4B91-8751-7CA7CD7760EA}.Release|x86.ActiveCfg = Release|Win32
		{4B01BF63-6E0D-4B91-8751-7CA7CD7760EA}.Release|x86.Build.0 = Release|Win32
	EndGlobalSection
	GlobalSection(SolutionProperties) = preSolution
		HideSolutionNode = FALSE
	EndGlobalSection
	GlobalSection(ExtensibilityGlobals) = postSolution
		SolutionGuid = {EF7A8CEE-ADA6-4646-A21C-94D33654C99A}
	EndGlobalSection
EndGlobal
