
Microsoft Visual Studio Solution File, Format Version 12.00
# Visual Studio Version 16
VisualStudioVersion = 16.0.36324.18
MinimumVisualStudioVersion = 10.0.40219.1
Project("{8BC9CEB8-8B4A-11D0-8D11-00A0C91BC942}") = "annieh", "annieh\annieh.vcxproj", "{30E50C83-1B11-43B3-9212-08C8214AEAB8}"
EndProject
Global
	GlobalSection(SolutionConfigurationPlatforms) = preSolution
		Debug|x64 = Debug|x64
		Debug|x86 = Debug|x86
		Release|x64 = Release|x64
		Release|x86 = Release|x86
	EndGlobalSection
	GlobalSection(ProjectConfigurationPlatforms) = postSolution
		{30E50C83-1B11-43B3-9212-08C8214AEAB8}.Debug|x64.ActiveCfg = Debug|x64
		{30E50C83-1B11-43B3-9212-08C8214AEAB8}.Debug|x64.Build.0 = Debug|x64
		{30E50C83-1B11-43B3-9212-08C8214AEAB8}.Debug|x86.ActiveCfg = Debug|Win32
		{30E50C83-1B11-43B3-9212-08C8214AEAB8}.Debug|x86.Build.0 = Debug|Win32
		{30E50C83-1B11-43B3-9212-08C8214AEAB8}.Release|x64.ActiveCfg = Release|x64
		{30E50C83-1B11-43B3-9212-08C8214AEAB8}.Release|x64.Build.0 = Release|x64
		{30E50C83-1B11-43B3-9212-08C8214AEAB8}.Release|x86.ActiveCfg = Release|Win32
		{30E50C83-1B11-43B3-9212-08C8214AEAB8}.Release|x86.Build.0 = Release|Win32
	EndGlobalSection
	GlobalSection(SolutionProperties) = preSolution
		HideSolutionNode = FALSE
	EndGlobalSection
	GlobalSection(ExtensibilityGlobals) = postSolution
		SolutionGuid = {87B1C2EA-6B2E-4CC2-97CE-86F7EB06BDEE}
	EndGlobalSection
EndGlobal
