
Microsoft Visual Studio Solution File, Format Version 12.00
# Visual Studio Version 17
VisualStudioVersion = 17.14.36915.13 d17.14
MinimumVisualStudioVersion = 10.0.40219.1
Project("{8BC9CEB8-8B4A-11D0-8D11-00A0C91BC942}") = "2026060301", "2026060301.vcxproj", "{66A090D8-BBB2-4B0B-ACF9-4A428D338E86}"
EndProject
Global
	GlobalSection(SolutionConfigurationPlatforms) = preSolution
		Debug|x64 = Debug|x64
		Debug|x86 = Debug|x86
		Release|x64 = Release|x64
		Release|x86 = Release|x86
	EndGlobalSection
	GlobalSection(ProjectConfigurationPlatforms) = postSolution
		{66A090D8-BBB2-4B0B-ACF9-4A428D338E86}.Debug|x64.ActiveCfg = Debug|x64
		{66A090D8-BBB2-4B0B-ACF9-4A428D338E86}.Debug|x64.Build.0 = Debug|x64
		{66A090D8-BBB2-4B0B-ACF9-4A428D338E86}.Debug|x86.ActiveCfg = Debug|Win32
		{66A090D8-BBB2-4B0B-ACF9-4A428D338E86}.Debug|x86.Build.0 = Debug|Win32
		{66A090D8-BBB2-4B0B-ACF9-4A428D338E86}.Release|x64.ActiveCfg = Release|x64
		{66A090D8-BBB2-4B0B-ACF9-4A428D338E86}.Release|x64.Build.0 = Release|x64
		{66A090D8-BBB2-4B0B-ACF9-4A428D338E86}.Release|x86.ActiveCfg = Release|Win32
		{66A090D8-BBB2-4B0B-ACF9-4A428D338E86}.Release|x86.Build.0 = Release|Win32
	EndGlobalSection
	GlobalSection(SolutionProperties) = preSolution
		HideSolutionNode = FALSE
	EndGlobalSection
	GlobalSection(ExtensibilityGlobals) = postSolution
		SolutionGuid = {73A4EC2B-1A31-4EF4-9B9A-377255917D4E}
	EndGlobalSection
EndGlobal
