
Microsoft Visual Studio Solution File, Format Version 12.00
# Visual Studio Version 16
VisualStudioVersion = 16.0.36631.11
MinimumVisualStudioVersion = 10.0.40219.1
Project("{8BC9CEB8-8B4A-11D0-8D11-00A0C91BC942}") = "1", "1.vcxproj", "{653A7CD3-698C-496E-AE33-44D56A14A075}"
EndProject
Global
	GlobalSection(SolutionConfigurationPlatforms) = preSolution
		Debug|x64 = Debug|x64
		Debug|x86 = Debug|x86
		Release|x64 = Release|x64
		Release|x86 = Release|x86
	EndGlobalSection
	GlobalSection(ProjectConfigurationPlatforms) = postSolution
		{653A7CD3-698C-496E-AE33-44D56A14A075}.Debug|x64.ActiveCfg = Debug|x64
		{653A7CD3-698C-496E-AE33-44D56A14A075}.Debug|x64.Build.0 = Debug|x64
		{653A7CD3-698C-496E-AE33-44D56A14A075}.Debug|x86.ActiveCfg = Debug|Win32
		{653A7CD3-698C-496E-AE33-44D56A14A075}.Debug|x86.Build.0 = Debug|Win32
		{653A7CD3-698C-496E-AE33-44D56A14A075}.Release|x64.ActiveCfg = Release|x64
		{653A7CD3-698C-496E-AE33-44D56A14A075}.Release|x64.Build.0 = Release|x64
		{653A7CD3-698C-496E-AE33-44D56A14A075}.Release|x86.ActiveCfg = Release|Win32
		{653A7CD3-698C-496E-AE33-44D56A14A075}.Release|x86.Build.0 = Release|Win32
	EndGlobalSection
	GlobalSection(SolutionProperties) = preSolution
		HideSolutionNode = FALSE
	EndGlobalSection
	GlobalSection(ExtensibilityGlobals) = postSolution
		SolutionGuid = {CFC027D2-54CE-467A-AB49-E7C77016FD01}
	EndGlobalSection
EndGlobal
