
Microsoft Visual Studio Solution File, Format Version 12.00
# Visual Studio Version 16
VisualStudioVersion = 16.0.36324.18
MinimumVisualStudioVersion = 10.0.40219.1
Project("{8BC9CEB8-8B4A-11D0-8D11-00A0C91BC942}") = "利率", "利率.vcxproj", "{CCF22165-7285-4DE8-B2E4-9D675AF09A93}"
EndProject
Global
	GlobalSection(SolutionConfigurationPlatforms) = preSolution
		Debug|x64 = Debug|x64
		Debug|x86 = Debug|x86
		Release|x64 = Release|x64
		Release|x86 = Release|x86
	EndGlobalSection
	GlobalSection(ProjectConfigurationPlatforms) = postSolution
		{CCF22165-7285-4DE8-B2E4-9D675AF09A93}.Debug|x64.ActiveCfg = Debug|x64
		{CCF22165-7285-4DE8-B2E4-9D675AF09A93}.Debug|x64.Build.0 = Debug|x64
		{CCF22165-7285-4DE8-B2E4-9D675AF09A93}.Debug|x86.ActiveCfg = Debug|Win32
		{CCF22165-7285-4DE8-B2E4-9D675AF09A93}.Debug|x86.Build.0 = Debug|Win32
		{CCF22165-7285-4DE8-B2E4-9D675AF09A93}.Release|x64.ActiveCfg = Release|x64
		{CCF22165-7285-4DE8-B2E4-9D675AF09A93}.Release|x64.Build.0 = Release|x64
		{CCF22165-7285-4DE8-B2E4-9D675AF09A93}.Release|x86.ActiveCfg = Release|Win32
		{CCF22165-7285-4DE8-B2E4-9D675AF09A93}.Release|x86.Build.0 = Release|Win32
	EndGlobalSection
	GlobalSection(SolutionProperties) = preSolution
		HideSolutionNode = FALSE
	EndGlobalSection
	GlobalSection(ExtensibilityGlobals) = postSolution
		SolutionGuid = {A98201A7-D584-41B2-83EC-06337F687D87}
	EndGlobalSection
EndGlobal
