
Microsoft Visual Studio Solution File, Format Version 12.00
# Visual Studio Version 16
VisualStudioVersion = 16.0.36631.11
MinimumVisualStudioVersion = 10.0.40219.1
Project("{8BC9CEB8-8B4A-11D0-8D11-00A0C91BC942}") = "1", "1.vcxproj", "{03857E3E-CF7E-4902-879F-FFDAC9ED6606}"
EndProject
Global
	GlobalSection(SolutionConfigurationPlatforms) = preSolution
		Debug|x64 = Debug|x64
		Debug|x86 = Debug|x86
		Release|x64 = Release|x64
		Release|x86 = Release|x86
	EndGlobalSection
	GlobalSection(ProjectConfigurationPlatforms) = postSolution
		{03857E3E-CF7E-4902-879F-FFDAC9ED6606}.Debug|x64.ActiveCfg = Debug|x64
		{03857E3E-CF7E-4902-879F-FFDAC9ED6606}.Debug|x64.Build.0 = Debug|x64
		{03857E3E-CF7E-4902-879F-FFDAC9ED6606}.Debug|x86.ActiveCfg = Debug|Win32
		{03857E3E-CF7E-4902-879F-FFDAC9ED6606}.Debug|x86.Build.0 = Debug|Win32
		{03857E3E-CF7E-4902-879F-FFDAC9ED6606}.Release|x64.ActiveCfg = Release|x64
		{03857E3E-CF7E-4902-879F-FFDAC9ED6606}.Release|x64.Build.0 = Release|x64
		{03857E3E-CF7E-4902-879F-FFDAC9ED6606}.Release|x86.ActiveCfg = Release|Win32
		{03857E3E-CF7E-4902-879F-FFDAC9ED6606}.Release|x86.Build.0 = Release|Win32
	EndGlobalSection
	GlobalSection(SolutionProperties) = preSolution
		HideSolutionNode = FALSE
	EndGlobalSection
	GlobalSection(ExtensibilityGlobals) = postSolution
		SolutionGuid = {6BDE3A0F-7E87-4254-A269-FAEE2EEEBF33}
	EndGlobalSection
EndGlobal
