
Microsoft Visual Studio Solution File, Format Version 12.00
# Visual Studio Version 17
VisualStudioVersion = 17.14.36414.22 d17.14
MinimumVisualStudioVersion = 10.0.40219.1
Project("{8BC9CEB8-8B4A-11D0-8D11-00A0C91BC942}") = "遞迴", "遞迴.vcxproj", "{F8B8C95F-2C42-48F4-BEF2-A983184A2D76}"
EndProject
Global
	GlobalSection(SolutionConfigurationPlatforms) = preSolution
		Debug|x64 = Debug|x64
		Debug|x86 = Debug|x86
		Release|x64 = Release|x64
		Release|x86 = Release|x86
	EndGlobalSection
	GlobalSection(ProjectConfigurationPlatforms) = postSolution
		{F8B8C95F-2C42-48F4-BEF2-A983184A2D76}.Debug|x64.ActiveCfg = Debug|x64
		{F8B8C95F-2C42-48F4-BEF2-A983184A2D76}.Debug|x64.Build.0 = Debug|x64
		{F8B8C95F-2C42-48F4-BEF2-A983184A2D76}.Debug|x86.ActiveCfg = Debug|Win32
		{F8B8C95F-2C42-48F4-BEF2-A983184A2D76}.Debug|x86.Build.0 = Debug|Win32
		{F8B8C95F-2C42-48F4-BEF2-A983184A2D76}.Release|x64.ActiveCfg = Release|x64
		{F8B8C95F-2C42-48F4-BEF2-A983184A2D76}.Release|x64.Build.0 = Release|x64
		{F8B8C95F-2C42-48F4-BEF2-A983184A2D76}.Release|x86.ActiveCfg = Release|Win32
		{F8B8C95F-2C42-48F4-BEF2-A983184A2D76}.Release|x86.Build.0 = Release|Win32
	EndGlobalSection
	GlobalSection(SolutionProperties) = preSolution
		HideSolutionNode = FALSE
	EndGlobalSection
	GlobalSection(ExtensibilityGlobals) = postSolution
		SolutionGuid = {961D96CC-A175-413C-BAA0-A1E2E301AE1C}
	EndGlobalSection
EndGlobal
